// !$*UTF8*$!
{
	archiveVersion = 1;
	classes = {
	};
	objectVersion = 46;
	objects = {

/* Begin PBXBuildFile section */
		3F762C221D5C0E7700D73A72 /* AppDelegate.swift in Sources */ = {isa = PBXBuildFile; fileRef = 3F762C211D5C0E7700D73A72 /* AppDelegate.swift */; };
		3F762C241D5C0E7700D73A72 /* ViewController.swift in Sources */ = {isa = PBXBuildFile; fileRef = 3F762C231D5C0E7700D73A72 /* ViewController.swift */; };
		3F762C271D5C0E7700D73A72 /* Main.storyboard in Resources */ = {isa = PBXBuildFile; fileRef = 3F762C251D5C0E7700D73A72 /* Main.storyboard */; };
		3F762C2A1D5C0E7700D73A72 /* pPoll.xcdatamodeld in Sources */ = {isa = PBXBuildFile; fileRef = 3F762C281D5C0E7700D73A72 /* pPoll.xcdatamodeld */; };
		3F762C2C1D5C0E7700D73A72 /* Assets.xcassets in Resources */ = {isa = PBXBuildFile; fileRef = 3F762C2B1D5C0E7700D73A72 /* Assets.xcassets */; };
		3F762C2F1D5C0E7700D73A72 /* LaunchScreen.storyboard in Resources */ = {isa = PBXBuildFile; fileRef = 3F762C2D1D5C0E7700D73A72 /* LaunchScreen.storyboard */; };
		3F762C3A1D5C0E7700D73A72 /* pPollTests.swift in Sources */ = {isa = PBXBuildFile; fileRef = 3F762C391D5C0E7700D73A72 /* pPollTests.swift */; };
		3F762C451D5C0E7700D73A72 /* pPollUITests.swift in Sources */ = {isa = PBXBuildFile; fileRef = 3F762C441D5C0E7700D73A72 /* pPollUITests.swift */; };
		BF145ACF1D60B4AB00FBB327 /* LoginController.swift in Sources */ = {isa = PBXBuildFile; fileRef = BF145ACE1D60B4AB00FBB327 /* LoginController.swift */; };
		BF145AD11D60BDBA00FBB327 /* SignUpController.swift in Sources */ = {isa = PBXBuildFile; fileRef = BF145AD01D60BDBA00FBB327 /* SignUpController.swift */; };
		BF145AD31D60BDF600FBB327 /* ForgetPasswordController.swift in Sources */ = {isa = PBXBuildFile; fileRef = BF145AD21D60BDF600FBB327 /* ForgetPasswordController.swift */; };
		BF145AD91D61452D00FBB327 /* Fabric.framework in Frameworks */ = {isa = PBXBuildFile; fileRef = BF145AD51D61452D00FBB327 /* Fabric.framework */; };
		BF145ADA1D61452D00FBB327 /* TwitterKit.framework in Frameworks */ = {isa = PBXBuildFile; fileRef = BF145AD61D61452D00FBB327 /* TwitterKit.framework */; };
		BF145ADB1D61452D00FBB327 /* TwitterKitResources.bundle in Resources */ = {isa = PBXBuildFile; fileRef = BF145AD71D61452D00FBB327 /* TwitterKitResources.bundle */; };
		BF145ADC1D61452D00FBB327 /* TwitterCore.framework in Frameworks */ = {isa = PBXBuildFile; fileRef = BF145AD81D61452D00FBB327 /* TwitterCore.framework */; };
		BF145ADE1D6146D300FBB327 /* OtherLoginController.swift in Sources */ = {isa = PBXBuildFile; fileRef = BF145ADD1D6146D300FBB327 /* OtherLoginController.swift */; };
		BF145AE21D6537CC00FBB327 /* Bolts.framework in Frameworks */ = {isa = PBXBuildFile; fileRef = BF145ADF1D6537CC00FBB327 /* Bolts.framework */; };
		BF145AE31D6537CC00FBB327 /* FBSDKCoreKit.framework in Frameworks */ = {isa = PBXBuildFile; fileRef = BF145AE01D6537CC00FBB327 /* FBSDKCoreKit.framework */; };
		BF145AE41D6537CC00FBB327 /* FBSDKLoginKit.framework in Frameworks */ = {isa = PBXBuildFile; fileRef = BF145AE11D6537CC00FBB327 /* FBSDKLoginKit.framework */; };
		BF145AFB1D6572C800FBB327 /* CircularTableViewCell.swift in Sources */ = {isa = PBXBuildFile; fileRef = BF145AF61D6572C800FBB327 /* CircularTableViewCell.swift */; };
		BF145AFC1D6572C800FBB327 /* GroupCreationController.swift in Sources */ = {isa = PBXBuildFile; fileRef = BF145AF71D6572C800FBB327 /* GroupCreationController.swift */; };
		BF145AFD1D6572C800FBB327 /* GroupDetailsViewController.swift in Sources */ = {isa = PBXBuildFile; fileRef = BF145AF81D6572C800FBB327 /* GroupDetailsViewController.swift */; };
		BF145AFE1D6572C800FBB327 /* JoinGroupsTableViewController.swift in Sources */ = {isa = PBXBuildFile; fileRef = BF145AF91D6572C800FBB327 /* JoinGroupsTableViewController.swift */; };
		BF145AFF1D6572C800FBB327 /* ViewController 2.swift in Sources */ = {isa = PBXBuildFile; fileRef = BF145AFA1D6572C800FBB327 /* ViewController 2.swift */; };
		BF145B021D65732500FBB327 /* AddPersonTableViewController.swift in Sources */ = {isa = PBXBuildFile; fileRef = BF145B001D65732500FBB327 /* AddPersonTableViewController.swift */; };
		BF145B031D65732500FBB327 /* AddTopicTableViewController.swift in Sources */ = {isa = PBXBuildFile; fileRef = BF145B011D65732500FBB327 /* AddTopicTableViewController.swift */; };
		BF145B0C1D65751500FBB327 /* Account.swift in Sources */ = {isa = PBXBuildFile; fileRef = BF145B041D65751500FBB327 /* Account.swift */; };
		BF145B0D1D65751500FBB327 /* Model.swift in Sources */ = {isa = PBXBuildFile; fileRef = BF145B051D65751500FBB327 /* Model.swift */; };
		BF145B0E1D65751500FBB327 /* Answer.swift in Sources */ = {isa = PBXBuildFile; fileRef = BF145B061D65751500FBB327 /* Answer.swift */; };
		BF145B0F1D65751500FBB327 /* Group.swift in Sources */ = {isa = PBXBuildFile; fileRef = BF145B071D65751500FBB327 /* Group.swift */; };
		BF145B101D65751500FBB327 /* Profile.swift in Sources */ = {isa = PBXBuildFile; fileRef = BF145B081D65751500FBB327 /* Profile.swift */; };
		BF145B111D65751500FBB327 /* Question.swift in Sources */ = {isa = PBXBuildFile; fileRef = BF145B091D65751500FBB327 /* Question.swift */; };
		BF145B121D65751500FBB327 /* Response.swift in Sources */ = {isa = PBXBuildFile; fileRef = BF145B0A1D65751500FBB327 /* Response.swift */; };
		BF145B131D65751500FBB327 /* Topic.swift in Sources */ = {isa = PBXBuildFile; fileRef = BF145B0B1D65751500FBB327 /* Topic.swift */; };
/* End PBXBuildFile section */

/* Begin PBXContainerItemProxy section */
		3F762C361D5C0E7700D73A72 /* PBXContainerItemProxy */ = {
			isa = PBXContainerItemProxy;
			containerPortal = 3F762C161D5C0E7600D73A72 /* Project object */;
			proxyType = 1;
			remoteGlobalIDString = 3F762C1D1D5C0E7700D73A72;
			remoteInfo = pPoll;
		};
		3F762C411D5C0E7700D73A72 /* PBXContainerItemProxy */ = {
			isa = PBXContainerItemProxy;
			containerPortal = 3F762C161D5C0E7600D73A72 /* Project object */;
			proxyType = 1;
			remoteGlobalIDString = 3F762C1D1D5C0E7700D73A72;
			remoteInfo = pPoll;
		};
/* End PBXContainerItemProxy section */

/* Begin PBXFileReference section */
		3F762C1E1D5C0E7700D73A72 /* pPoll.app */ = {isa = PBXFileReference; explicitFileType = wrapper.application; includeInIndex = 0; path = pPoll.app; sourceTree = BUILT_PRODUCTS_DIR; };
		3F762C211D5C0E7700D73A72 /* AppDelegate.swift */ = {isa = PBXFileReference; lastKnownFileType = sourcecode.swift; path = AppDelegate.swift; sourceTree = "<group>"; };
		3F762C231D5C0E7700D73A72 /* ViewController.swift */ = {isa = PBXFileReference; lastKnownFileType = sourcecode.swift; path = ViewController.swift; sourceTree = "<group>"; };
		3F762C261D5C0E7700D73A72 /* Base */ = {isa = PBXFileReference; lastKnownFileType = file.storyboard; name = Base; path = Base.lproj/Main.storyboard; sourceTree = "<group>"; };
		3F762C291D5C0E7700D73A72 /* pPoll.xcdatamodel */ = {isa = PBXFileReference; lastKnownFileType = wrapper.xcdatamodel; path = pPoll.xcdatamodel; sourceTree = "<group>"; };
		3F762C2B1D5C0E7700D73A72 /* Assets.xcassets */ = {isa = PBXFileReference; lastKnownFileType = folder.assetcatalog; path = Assets.xcassets; sourceTree = "<group>"; };
		3F762C2E1D5C0E7700D73A72 /* Base */ = {isa = PBXFileReference; lastKnownFileType = file.storyboard; name = Base; path = Base.lproj/LaunchScreen.storyboard; sourceTree = "<group>"; };
		3F762C301D5C0E7700D73A72 /* Info.plist */ = {isa = PBXFileReference; lastKnownFileType = text.plist.xml; path = Info.plist; sourceTree = "<group>"; };
		3F762C351D5C0E7700D73A72 /* pPollTests.xctest */ = {isa = PBXFileReference; explicitFileType = wrapper.cfbundle; includeInIndex = 0; path = pPollTests.xctest; sourceTree = BUILT_PRODUCTS_DIR; };
		3F762C391D5C0E7700D73A72 /* pPollTests.swift */ = {isa = PBXFileReference; lastKnownFileType = sourcecode.swift; path = pPollTests.swift; sourceTree = "<group>"; };
		3F762C3B1D5C0E7700D73A72 /* Info.plist */ = {isa = PBXFileReference; lastKnownFileType = text.plist.xml; path = Info.plist; sourceTree = "<group>"; };
		3F762C401D5C0E7700D73A72 /* pPollUITests.xctest */ = {isa = PBXFileReference; explicitFileType = wrapper.cfbundle; includeInIndex = 0; path = pPollUITests.xctest; sourceTree = BUILT_PRODUCTS_DIR; };
		3F762C441D5C0E7700D73A72 /* pPollUITests.swift */ = {isa = PBXFileReference; lastKnownFileType = sourcecode.swift; path = pPollUITests.swift; sourceTree = "<group>"; };
		3F762C461D5C0E7700D73A72 /* Info.plist */ = {isa = PBXFileReference; lastKnownFileType = text.plist.xml; path = Info.plist; sourceTree = "<group>"; };
		BF145ACE1D60B4AB00FBB327 /* LoginController.swift */ = {isa = PBXFileReference; fileEncoding = 4; lastKnownFileType = sourcecode.swift; path = LoginController.swift; sourceTree = "<group>"; };
		BF145AD01D60BDBA00FBB327 /* SignUpController.swift */ = {isa = PBXFileReference; fileEncoding = 4; lastKnownFileType = sourcecode.swift; path = SignUpController.swift; sourceTree = "<group>"; };
		BF145AD21D60BDF600FBB327 /* ForgetPasswordController.swift */ = {isa = PBXFileReference; fileEncoding = 4; lastKnownFileType = sourcecode.swift; path = ForgetPasswordController.swift; sourceTree = "<group>"; };
		BF145AD51D61452D00FBB327 /* Fabric.framework */ = {isa = PBXFileReference; lastKnownFileType = wrapper.framework; path = Fabric.framework; sourceTree = "<group>"; };
		BF145AD61D61452D00FBB327 /* TwitterKit.framework */ = {isa = PBXFileReference; lastKnownFileType = wrapper.framework; path = TwitterKit.framework; sourceTree = "<group>"; };
		BF145AD71D61452D00FBB327 /* TwitterKitResources.bundle */ = {isa = PBXFileReference; lastKnownFileType = "wrapper.plug-in"; name = TwitterKitResources.bundle; path = TwitterKit.framework/Versions/A/Resources/TwitterKitResources.bundle; sourceTree = "<group>"; };
		BF145AD81D61452D00FBB327 /* TwitterCore.framework */ = {isa = PBXFileReference; lastKnownFileType = wrapper.framework; path = TwitterCore.framework; sourceTree = "<group>"; };
		BF145ADD1D6146D300FBB327 /* OtherLoginController.swift */ = {isa = PBXFileReference; fileEncoding = 4; lastKnownFileType = sourcecode.swift; path = OtherLoginController.swift; sourceTree = "<group>"; };
		BF145ADF1D6537CC00FBB327 /* Bolts.framework */ = {isa = PBXFileReference; lastKnownFileType = wrapper.framework; path = Bolts.framework; sourceTree = "<group>"; };
		BF145AE01D6537CC00FBB327 /* FBSDKCoreKit.framework */ = {isa = PBXFileReference; lastKnownFileType = wrapper.framework; path = FBSDKCoreKit.framework; sourceTree = "<group>"; };
		BF145AE11D6537CC00FBB327 /* FBSDKLoginKit.framework */ = {isa = PBXFileReference; lastKnownFileType = wrapper.framework; path = FBSDKLoginKit.framework; sourceTree = "<group>"; };
		BF145AF61D6572C800FBB327 /* CircularTableViewCell.swift */ = {isa = PBXFileReference; fileEncoding = 4; lastKnownFileType = sourcecode.swift; path = CircularTableViewCell.swift; sourceTree = "<group>"; };
		BF145AF71D6572C800FBB327 /* GroupCreationController.swift */ = {isa = PBXFileReference; fileEncoding = 4; lastKnownFileType = sourcecode.swift; path = GroupCreationController.swift; sourceTree = "<group>"; };
		BF145AF81D6572C800FBB327 /* GroupDetailsViewController.swift */ = {isa = PBXFileReference; fileEncoding = 4; lastKnownFileType = sourcecode.swift; path = GroupDetailsViewController.swift; sourceTree = "<group>"; };
		BF145AF91D6572C800FBB327 /* JoinGroupsTableViewController.swift */ = {isa = PBXFileReference; fileEncoding = 4; lastKnownFileType = sourcecode.swift; path = JoinGroupsTableViewController.swift; sourceTree = "<group>"; };
		BF145AFA1D6572C800FBB327 /* ViewController 2.swift */ = {isa = PBXFileReference; fileEncoding = 4; lastKnownFileType = sourcecode.swift; path = "ViewController 2.swift"; sourceTree = "<group>"; };
		BF145B001D65732500FBB327 /* AddPersonTableViewController.swift */ = {isa = PBXFileReference; fileEncoding = 4; lastKnownFileType = sourcecode.swift; path = AddPersonTableViewController.swift; sourceTree = "<group>"; };
		BF145B011D65732500FBB327 /* AddTopicTableViewController.swift */ = {isa = PBXFileReference; fileEncoding = 4; lastKnownFileType = sourcecode.swift; path = AddTopicTableViewController.swift; sourceTree = "<group>"; };
		BF145B041D65751500FBB327 /* Account.swift */ = {isa = PBXFileReference; fileEncoding = 4; lastKnownFileType = sourcecode.swift; path = Account.swift; sourceTree = "<group>"; };
		BF145B051D65751500FBB327 /* Model.swift */ = {isa = PBXFileReference; fileEncoding = 4; lastKnownFileType = sourcecode.swift; path = Model.swift; sourceTree = "<group>"; };
		BF145B061D65751500FBB327 /* Answer.swift */ = {isa = PBXFileReference; fileEncoding = 4; lastKnownFileType = sourcecode.swift; path = Answer.swift; sourceTree = "<group>"; };
		BF145B071D65751500FBB327 /* Group.swift */ = {isa = PBXFileReference; fileEncoding = 4; lastKnownFileType = sourcecode.swift; path = Group.swift; sourceTree = "<group>"; };
		BF145B081D65751500FBB327 /* Profile.swift */ = {isa = PBXFileReference; fileEncoding = 4; lastKnownFileType = sourcecode.swift; path = Profile.swift; sourceTree = "<group>"; };
		BF145B091D65751500FBB327 /* Question.swift */ = {isa = PBXFileReference; fileEncoding = 4; lastKnownFileType = sourcecode.swift; path = Question.swift; sourceTree = "<group>"; };
		BF145B0A1D65751500FBB327 /* Response.swift */ = {isa = PBXFileReference; fileEncoding = 4; lastKnownFileType = sourcecode.swift; path = Response.swift; sourceTree = "<group>"; };
		BF145B0B1D65751500FBB327 /* Topic.swift */ = {isa = PBXFileReference; fileEncoding = 4; lastKnownFileType = sourcecode.swift; path = Topic.swift; sourceTree = "<group>"; };
/* End PBXFileReference section */

/* Begin PBXFrameworksBuildPhase section */
		3F762C1B1D5C0E7700D73A72 /* Frameworks */ = {
			isa = PBXFrameworksBuildPhase;
			buildActionMask = 2147483647;
			files = (
				BF145AE31D6537CC00FBB327 /* FBSDKCoreKit.framework in Frameworks */,
				BF145AD91D61452D00FBB327 /* Fabric.framework in Frameworks */,
				BF145AE41D6537CC00FBB327 /* FBSDKLoginKit.framework in Frameworks */,
				BF145ADC1D61452D00FBB327 /* TwitterCore.framework in Frameworks */,
				BF145ADA1D61452D00FBB327 /* TwitterKit.framework in Frameworks */,
				BF145AE21D6537CC00FBB327 /* Bolts.framework in Frameworks */,
			);
			runOnlyForDeploymentPostprocessing = 0;
		};
		3F762C321D5C0E7700D73A72 /* Frameworks */ = {
			isa = PBXFrameworksBuildPhase;
			buildActionMask = 2147483647;
			files = (
			);
			runOnlyForDeploymentPostprocessing = 0;
		};
		3F762C3D1D5C0E7700D73A72 /* Frameworks */ = {
			isa = PBXFrameworksBuildPhase;
			buildActionMask = 2147483647;
			files = (
			);
			runOnlyForDeploymentPostprocessing = 0;
		};
/* End PBXFrameworksBuildPhase section */

/* Begin PBXGroup section */
		3F762C151D5C0E7600D73A72 = {
			isa = PBXGroup;
			children = (
				BF145ADF1D6537CC00FBB327 /* Bolts.framework */,
				BF145AE01D6537CC00FBB327 /* FBSDKCoreKit.framework */,
				BF145AE11D6537CC00FBB327 /* FBSDKLoginKit.framework */,
				BF145AD51D61452D00FBB327 /* Fabric.framework */,
				BF145AD61D61452D00FBB327 /* TwitterKit.framework */,
				BF145AD71D61452D00FBB327 /* TwitterKitResources.bundle */,
				BF145AD81D61452D00FBB327 /* TwitterCore.framework */,
				3F762C201D5C0E7700D73A72 /* pPoll */,
				3F762C381D5C0E7700D73A72 /* pPollTests */,
				3F762C431D5C0E7700D73A72 /* pPollUITests */,
				3F762C1F1D5C0E7700D73A72 /* Products */,
			);
			sourceTree = "<group>";
		};
		3F762C1F1D5C0E7700D73A72 /* Products */ = {
			isa = PBXGroup;
			children = (
				3F762C1E1D5C0E7700D73A72 /* pPoll.app */,
				3F762C351D5C0E7700D73A72 /* pPollTests.xctest */,
				3F762C401D5C0E7700D73A72 /* pPollUITests.xctest */,
			);
			name = Products;
			sourceTree = "<group>";
		};
		3F762C201D5C0E7700D73A72 /* pPoll */ = {
			isa = PBXGroup;
			children = (
				C27F1E831D5C364200687179 /* Controller */,
				C27F1E821D5C363100687179 /* View */,
				C27F1E811D5C362A00687179 /* Model */,
				3F762C211D5C0E7700D73A72 /* AppDelegate.swift */,
				3F762C301D5C0E7700D73A72 /* Info.plist */,
				3F762C281D5C0E7700D73A72 /* pPoll.xcdatamodeld */,
			);
			path = pPoll;
			sourceTree = "<group>";
		};
		3F762C381D5C0E7700D73A72 /* pPollTests */ = {
			isa = PBXGroup;
			children = (
				3F762C391D5C0E7700D73A72 /* pPollTests.swift */,
				3F762C3B1D5C0E7700D73A72 /* Info.plist */,
			);
			path = pPollTests;
			sourceTree = "<group>";
		};
		3F762C431D5C0E7700D73A72 /* pPollUITests */ = {
			isa = PBXGroup;
			children = (
				3F762C441D5C0E7700D73A72 /* pPollUITests.swift */,
				3F762C461D5C0E7700D73A72 /* Info.plist */,
			);
			path = pPollUITests;
			sourceTree = "<group>";
		};
		BF145AF51D65719D00FBB327 /* GroupCreation */ = {
			isa = PBXGroup;
			children = (
				BF145B001D65732500FBB327 /* AddPersonTableViewController.swift */,
				BF145B011D65732500FBB327 /* AddTopicTableViewController.swift */,
				BF145AF61D6572C800FBB327 /* CircularTableViewCell.swift */,
				BF145AF71D6572C800FBB327 /* GroupCreationController.swift */,
				BF145AF81D6572C800FBB327 /* GroupDetailsViewController.swift */,
				BF145AF91D6572C800FBB327 /* JoinGroupsTableViewController.swift */,
			);
			name = GroupCreation;
			sourceTree = "<group>";
		};
		C27F1E811D5C362A00687179 /* Model */ = {
			isa = PBXGroup;
			children = (
				BF145B041D65751500FBB327 /* Account.swift */,
				BF145B051D65751500FBB327 /* Model.swift */,
				BF145B061D65751500FBB327 /* Answer.swift */,
				BF145B071D65751500FBB327 /* Group.swift */,
				BF145B081D65751500FBB327 /* Profile.swift */,
				BF145B091D65751500FBB327 /* Question.swift */,
				BF145B0A1D65751500FBB327 /* Response.swift */,
				BF145B0B1D65751500FBB327 /* Topic.swift */,
			);
			name = Model;
			sourceTree = "<group>";
		};
		C27F1E821D5C363100687179 /* View */ = {
			isa = PBXGroup;
			children = (
				3F762C251D5C0E7700D73A72 /* Main.storyboard */,
				3F762C2B1D5C0E7700D73A72 /* Assets.xcassets */,
				3F762C2D1D5C0E7700D73A72 /* LaunchScreen.storyboard */,
			);
			name = View;
			sourceTree = "<group>";
		};
		C27F1E831D5C364200687179 /* Controller */ = {
			isa = PBXGroup;
			children = (
				BF145AFA1D6572C800FBB327 /* ViewController 2.swift */,
				BF145AF51D65719D00FBB327 /* GroupCreation */,
				3F762C231D5C0E7700D73A72 /* ViewController.swift */,
				BF145ACE1D60B4AB00FBB327 /* LoginController.swift */,
				BF145AD01D60BDBA00FBB327 /* SignUpController.swift */,
				BF145AD21D60BDF600FBB327 /* ForgetPasswordController.swift */,
				BF145ADD1D6146D300FBB327 /* OtherLoginController.swift */,
			);
			name = Controller;
			sourceTree = "<group>";
		};
/* End PBXGroup section */

/* Begin PBXNativeTarget section */
		3F762C1D1D5C0E7700D73A72 /* pPoll */ = {
			isa = PBXNativeTarget;
			buildConfigurationList = 3F762C491D5C0E7700D73A72 /* Build configuration list for PBXNativeTarget "pPoll" */;
			buildPhases = (
				3F762C1A1D5C0E7700D73A72 /* Sources */,
				3F762C1B1D5C0E7700D73A72 /* Frameworks */,
				3F762C1C1D5C0E7700D73A72 /* Resources */,
				BF145AD41D6144E400FBB327 /* ShellScript */,
			);
			buildRules = (
			);
			dependencies = (
			);
			name = pPoll;
			productName = pPoll;
			productReference = 3F762C1E1D5C0E7700D73A72 /* pPoll.app */;
			productType = "com.apple.product-type.application";
		};
		3F762C341D5C0E7700D73A72 /* pPollTests */ = {
			isa = PBXNativeTarget;
			buildConfigurationList = 3F762C4C1D5C0E7700D73A72 /* Build configuration list for PBXNativeTarget "pPollTests" */;
			buildPhases = (
				3F762C311D5C0E7700D73A72 /* Sources */,
				3F762C321D5C0E7700D73A72 /* Frameworks */,
				3F762C331D5C0E7700D73A72 /* Resources */,
			);
			buildRules = (
			);
			dependencies = (
				3F762C371D5C0E7700D73A72 /* PBXTargetDependency */,
			);
			name = pPollTests;
			productName = pPollTests;
			productReference = 3F762C351D5C0E7700D73A72 /* pPollTests.xctest */;
			productType = "com.apple.product-type.bundle.unit-test";
		};
		3F762C3F1D5C0E7700D73A72 /* pPollUITests */ = {
			isa = PBXNativeTarget;
			buildConfigurationList = 3F762C4F1D5C0E7700D73A72 /* Build configuration list for PBXNativeTarget "pPollUITests" */;
			buildPhases = (
				3F762C3C1D5C0E7700D73A72 /* Sources */,
				3F762C3D1D5C0E7700D73A72 /* Frameworks */,
				3F762C3E1D5C0E7700D73A72 /* Resources */,
			);
			buildRules = (
			);
			dependencies = (
				3F762C421D5C0E7700D73A72 /* PBXTargetDependency */,
			);
			name = pPollUITests;
			productName = pPollUITests;
			productReference = 3F762C401D5C0E7700D73A72 /* pPollUITests.xctest */;
			productType = "com.apple.product-type.bundle.ui-testing";
		};
/* End PBXNativeTarget section */

/* Begin PBXProject section */
		3F762C161D5C0E7600D73A72 /* Project object */ = {
			isa = PBXProject;
			attributes = {
				LastSwiftUpdateCheck = 0730;
				LastUpgradeCheck = 0730;
				ORGANIZATIONNAME = syle;
				TargetAttributes = {
					3F762C1D1D5C0E7700D73A72 = {
						CreatedOnToolsVersion = 7.3.1;
						DevelopmentTeam = 79SN94BB2D;
					};
					3F762C341D5C0E7700D73A72 = {
						CreatedOnToolsVersion = 7.3.1;
						DevelopmentTeam = 3S6HZ5LHJ8;
						TestTargetID = 3F762C1D1D5C0E7700D73A72;
					};
					3F762C3F1D5C0E7700D73A72 = {
						CreatedOnToolsVersion = 7.3.1;
						DevelopmentTeam = 3S6HZ5LHJ8;
						TestTargetID = 3F762C1D1D5C0E7700D73A72;
					};
				};
			};
			buildConfigurationList = 3F762C191D5C0E7600D73A72 /* Build configuration list for PBXProject "pPoll" */;
			compatibilityVersion = "Xcode 3.2";
			developmentRegion = English;
			hasScannedForEncodings = 0;
			knownRegions = (
				en,
				Base,
			);
			mainGroup = 3F762C151D5C0E7600D73A72;
			productRefGroup = 3F762C1F1D5C0E7700D73A72 /* Products */;
			projectDirPath = "";
			projectRoot = "";
			targets = (
				3F762C1D1D5C0E7700D73A72 /* pPoll */,
				3F762C341D5C0E7700D73A72 /* pPollTests */,
				3F762C3F1D5C0E7700D73A72 /* pPollUITests */,
			);
		};
/* End PBXProject section */

/* Begin PBXResourcesBuildPhase section */
		3F762C1C1D5C0E7700D73A72 /* Resources */ = {
			isa = PBXResourcesBuildPhase;
			buildActionMask = 2147483647;
			files = (
				BF145ADB1D61452D00FBB327 /* TwitterKitResources.bundle in Resources */,
				3F762C2F1D5C0E7700D73A72 /* LaunchScreen.storyboard in Resources */,
				3F762C2C1D5C0E7700D73A72 /* Assets.xcassets in Resources */,
				3F762C271D5C0E7700D73A72 /* Main.storyboard in Resources */,
			);
			runOnlyForDeploymentPostprocessing = 0;
		};
		3F762C331D5C0E7700D73A72 /* Resources */ = {
			isa = PBXResourcesBuildPhase;
			buildActionMask = 2147483647;
			files = (
			);
			runOnlyForDeploymentPostprocessing = 0;
		};
		3F762C3E1D5C0E7700D73A72 /* Resources */ = {
			isa = PBXResourcesBuildPhase;
			buildActionMask = 2147483647;
			files = (
			);
			runOnlyForDeploymentPostprocessing = 0;
		};
/* End PBXResourcesBuildPhase section */

/* Begin PBXShellScriptBuildPhase section */
		BF145AD41D6144E400FBB327 /* ShellScript */ = {
			isa = PBXShellScriptBuildPhase;
			buildActionMask = 2147483647;
			files = (
			);
			inputPaths = (
			);
			outputPaths = (
			);
			runOnlyForDeploymentPostprocessing = 0;
			shellPath = /bin/sh;
			shellScript = "./Fabric.framework/run ac6937452fa2dfab07d660f1f7358ce864efe761 a9dfce5e440bacfb8127fdc3b5f905798b39721b13ae0d9f41db5499544389d6";
		};
/* End PBXShellScriptBuildPhase section */

/* Begin PBXSourcesBuildPhase section */
		3F762C1A1D5C0E7700D73A72 /* Sources */ = {
			isa = PBXSourcesBuildPhase;
			buildActionMask = 2147483647;
			files = (
				BF145AD11D60BDBA00FBB327 /* SignUpController.swift in Sources */,
				BF145ADE1D6146D300FBB327 /* OtherLoginController.swift in Sources */,
				BF145ACF1D60B4AB00FBB327 /* LoginController.swift in Sources */,
				BF145AFC1D6572C800FBB327 /* GroupCreationController.swift in Sources */,
				BF145AFE1D6572C800FBB327 /* JoinGroupsTableViewController.swift in Sources */,
				BF145B111D65751500FBB327 /* Question.swift in Sources */,
				BF145B0C1D65751500FBB327 /* Account.swift in Sources */,
				3F762C2A1D5C0E7700D73A72 /* pPoll.xcdatamodeld in Sources */,
				BF145B0E1D65751500FBB327 /* Answer.swift in Sources */,
				BF145B0D1D65751500FBB327 /* Model.swift in Sources */,
				BF145B0F1D65751500FBB327 /* Group.swift in Sources */,
				BF145AFD1D6572C800FBB327 /* GroupDetailsViewController.swift in Sources */,
				3F762C241D5C0E7700D73A72 /* ViewController.swift in Sources */,
				BF145B131D65751500FBB327 /* Topic.swift in Sources */,
				BF145B121D65751500FBB327 /* Response.swift in Sources */,
				3F762C221D5C0E7700D73A72 /* AppDelegate.swift in Sources */,
				BF145B021D65732500FBB327 /* AddPersonTableViewController.swift in Sources */,
				BF145AFB1D6572C800FBB327 /* CircularTableViewCell.swift in Sources */,
				BF145AFF1D6572C800FBB327 /* ViewController 2.swift in Sources */,
				BF145B101D65751500FBB327 /* Profile.swift in Sources */,
				BF145AD31D60BDF600FBB327 /* ForgetPasswordController.swift in Sources */,
				BF145B031D65732500FBB327 /* AddTopicTableViewController.swift in Sources */,
			);
			runOnlyForDeploymentPostprocessing = 0;
		};
		3F762C311D5C0E7700D73A72 /* Sources */ = {
			isa = PBXSourcesBuildPhase;
			buildActionMask = 2147483647;
			files = (
				3F762C3A1D5C0E7700D73A72 /* pPollTests.swift in Sources */,
			);
			runOnlyForDeploymentPostprocessing = 0;
		};
		3F762C3C1D5C0E7700D73A72 /* Sources */ = {
			isa = PBXSourcesBuildPhase;
			buildActionMask = 2147483647;
			files = (
				3F762C451D5C0E7700D73A72 /* pPollUITests.swift in Sources */,
			);
			runOnlyForDeploymentPostprocessing = 0;
		};
/* End PBXSourcesBuildPhase section */

/* Begin PBXTargetDependency section */
		3F762C371D5C0E7700D73A72 /* PBXTargetDependency */ = {
			isa = PBXTargetDependency;
			target = 3F762C1D1D5C0E7700D73A72 /* pPoll */;
			targetProxy = 3F762C361D5C0E7700D73A72 /* PBXContainerItemProxy */;
		};
		3F762C421D5C0E7700D73A72 /* PBXTargetDependency */ = {
			isa = PBXTargetDependency;
			target = 3F762C1D1D5C0E7700D73A72 /* pPoll */;
			targetProxy = 3F762C411D5C0E7700D73A72 /* PBXContainerItemProxy */;
		};
/* End PBXTargetDependency section */

/* Begin PBXVariantGroup section */
		3F762C251D5C0E7700D73A72 /* Main.storyboard */ = {
			isa = PBXVariantGroup;
			children = (
				3F762C261D5C0E7700D73A72 /* Base */,
			);
			name = Main.storyboard;
			sourceTree = "<group>";
		};
		3F762C2D1D5C0E7700D73A72 /* LaunchScreen.storyboard */ = {
			isa = PBXVariantGroup;
			children = (
				3F762C2E1D5C0E7700D73A72 /* Base */,
			);
			name = LaunchScreen.storyboard;
			sourceTree = "<group>";
		};
/* End PBXVariantGroup section */

/* Begin XCBuildConfiguration section */
		3F762C471D5C0E7700D73A72 /* Debug */ = {
			isa = XCBuildConfiguration;
			buildSettings = {
				ALWAYS_SEARCH_USER_PATHS = NO;
				CLANG_ANALYZER_NONNULL = YES;
				CLANG_CXX_LANGUAGE_STANDARD = "gnu++0x";
				CLANG_CXX_LIBRARY = "libc++";
				CLANG_ENABLE_MODULES = YES;
				CLANG_ENABLE_OBJC_ARC = YES;
				CLANG_WARN_BOOL_CONVERSION = YES;
				CLANG_WARN_CONSTANT_CONVERSION = YES;
				CLANG_WARN_DIRECT_OBJC_ISA_USAGE = YES_ERROR;
				CLANG_WARN_EMPTY_BODY = YES;
				CLANG_WARN_ENUM_CONVERSION = YES;
				CLANG_WARN_INT_CONVERSION = YES;
				CLANG_WARN_OBJC_ROOT_CLASS = YES_ERROR;
				CLANG_WARN_UNREACHABLE_CODE = YES;
				CLANG_WARN__DUPLICATE_METHOD_MATCH = YES;
				"CODE_SIGN_IDENTITY[sdk=iphoneos*]" = "iPhone Developer";
				COPY_PHASE_STRIP = NO;
				DEBUG_INFORMATION_FORMAT = dwarf;
				ENABLE_STRICT_OBJC_MSGSEND = YES;
				ENABLE_TESTABILITY = YES;
				GCC_C_LANGUAGE_STANDARD = gnu99;
				GCC_DYNAMIC_NO_PIC = NO;
				GCC_NO_COMMON_BLOCKS = YES;
				GCC_OPTIMIZATION_LEVEL = 0;
				GCC_PREPROCESSOR_DEFINITIONS = (
					"DEBUG=1",
					"$(inherited)",
				);
				GCC_WARN_64_TO_32_BIT_CONVERSION = YES;
				GCC_WARN_ABOUT_RETURN_TYPE = YES_ERROR;
				GCC_WARN_UNDECLARED_SELECTOR = YES;
				GCC_WARN_UNINITIALIZED_AUTOS = YES_AGGRESSIVE;
				GCC_WARN_UNUSED_FUNCTION = YES;
				GCC_WARN_UNUSED_VARIABLE = YES;
				IPHONEOS_DEPLOYMENT_TARGET = 9.3;
				MTL_ENABLE_DEBUG_INFO = YES;
				ONLY_ACTIVE_ARCH = YES;
				SDKROOT = iphoneos;
				SWIFT_OPTIMIZATION_LEVEL = "-Onone";
			};
			name = Debug;
		};
		3F762C481D5C0E7700D73A72 /* Release */ = {
			isa = XCBuildConfiguration;
			buildSettings = {
				ALWAYS_SEARCH_USER_PATHS = NO;
				CLANG_ANALYZER_NONNULL = YES;
				CLANG_CXX_LANGUAGE_STANDARD = "gnu++0x";
				CLANG_CXX_LIBRARY = "libc++";
				CLANG_ENABLE_MODULES = YES;
				CLANG_ENABLE_OBJC_ARC = YES;
				CLANG_WARN_BOOL_CONVERSION = YES;
				CLANG_WARN_CONSTANT_CONVERSION = YES;
				CLANG_WARN_DIRECT_OBJC_ISA_USAGE = YES_ERROR;
				CLANG_WARN_EMPTY_BODY = YES;
				CLANG_WARN_ENUM_CONVERSION = YES;
				CLANG_WARN_INT_CONVERSION = YES;
				CLANG_WARN_OBJC_ROOT_CLASS = YES_ERROR;
				CLANG_WARN_UNREACHABLE_CODE = YES;
				CLANG_WARN__DUPLICATE_METHOD_MATCH = YES;
				"CODE_SIGN_IDENTITY[sdk=iphoneos*]" = "iPhone Developer";
				COPY_PHASE_STRIP = NO;
				DEBUG_INFORMATION_FORMAT = "dwarf-with-dsym";
				ENABLE_NS_ASSERTIONS = NO;
				ENABLE_STRICT_OBJC_MSGSEND = YES;
				GCC_C_LANGUAGE_STANDARD = gnu99;
				GCC_NO_COMMON_BLOCKS = YES;
				GCC_WARN_64_TO_32_BIT_CONVERSION = YES;
				GCC_WARN_ABOUT_RETURN_TYPE = YES_ERROR;
				GCC_WARN_UNDECLARED_SELECTOR = YES;
				GCC_WARN_UNINITIALIZED_AUTOS = YES_AGGRESSIVE;
				GCC_WARN_UNUSED_FUNCTION = YES;
				GCC_WARN_UNUSED_VARIABLE = YES;
				IPHONEOS_DEPLOYMENT_TARGET = 9.3;
				MTL_ENABLE_DEBUG_INFO = NO;
				SDKROOT = iphoneos;
				VALIDATE_PRODUCT = YES;
			};
			name = Release;
		};
		3F762C4A1D5C0E7700D73A72 /* Debug */ = {
			isa = XCBuildConfiguration;
			buildSettings = {
				ASSETCATALOG_COMPILER_APPICON_NAME = AppIcon;
				CODE_SIGN_IDENTITY = "iPhone Developer";
				"CODE_SIGN_IDENTITY[sdk=iphoneos*]" = "iPhone Developer";
				FRAMEWORK_SEARCH_PATHS = (
					"$(inherited)",
					"$(PROJECT_DIR)",
				);
				INFOPLIST_FILE = pPoll/Info.plist;
				LD_RUNPATH_SEARCH_PATHS = "$(inherited) @executable_path/Frameworks";
				PRODUCT_BUNDLE_IDENTIFIER = com.example.pPolltest1;
				PRODUCT_NAME = "$(TARGET_NAME)";
				PROVISIONING_PROFILE = "";
			};
			name = Debug;
		};
		3F762C4B1D5C0E7700D73A72 /* Release */ = {
			isa = XCBuildConfiguration;
			buildSettings = {
				ASSETCATALOG_COMPILER_APPICON_NAME = AppIcon;
				CODE_SIGN_IDENTITY = "iPhone Developer";
				"CODE_SIGN_IDENTITY[sdk=iphoneos*]" = "iPhone Developer";
				FRAMEWORK_SEARCH_PATHS = (
					"$(inherited)",
					"$(PROJECT_DIR)",
				);
				INFOPLIST_FILE = pPoll/Info.plist;
				LD_RUNPATH_SEARCH_PATHS = "$(inherited) @executable_path/Frameworks";
				PRODUCT_BUNDLE_IDENTIFIER = com.example.pPolltest1;
				PRODUCT_NAME = "$(TARGET_NAME)";
				PROVISIONING_PROFILE = "";
			};
			name = Release;
		};
		3F762C4D1D5C0E7700D73A72 /* Debug */ = {
			isa = XCBuildConfiguration;
			buildSettings = {
				BUNDLE_LOADER = "$(TEST_HOST)";
				INFOPLIST_FILE = pPollTests/Info.plist;
				LD_RUNPATH_SEARCH_PATHS = "$(inherited) @executable_path/Frameworks @loader_path/Frameworks";
				PRODUCT_BUNDLE_IDENTIFIER = com.example.pPollTests;
				PRODUCT_NAME = "$(TARGET_NAME)";
				TEST_HOST = "$(BUILT_PRODUCTS_DIR)/pPoll.app/pPoll";
			};
			name = Debug;
		};
		3F762C4E1D5C0E7700D73A72 /* Release */ = {
			isa = XCBuildConfiguration;
			buildSettings = {
				BUNDLE_LOADER = "$(TEST_HOST)";
				INFOPLIST_FILE = pPollTests/Info.plist;
				LD_RUNPATH_SEARCH_PATHS = "$(inherited) @executable_path/Frameworks @loader_path/Frameworks";
				PRODUCT_BUNDLE_IDENTIFIER = com.example.pPollTests;
				PRODUCT_NAME = "$(TARGET_NAME)";
				TEST_HOST = "$(BUILT_PRODUCTS_DIR)/pPoll.app/pPoll";
			};
			name = Release;
		};
		3F762C501D5C0E7700D73A72 /* Debug */ = {
			isa = XCBuildConfiguration;
			buildSettings = {
				INFOPLIST_FILE = pPollUITests/Info.plist;
				LD_RUNPATH_SEARCH_PATHS = "$(inherited) @executable_path/Frameworks @loader_path/Frameworks";
				PRODUCT_BUNDLE_IDENTIFIER = com.example.pPollUITests;
				PRODUCT_NAME = "$(TARGET_NAME)";
				TEST_TARGET_NAME = pPoll;
			};
			name = Debug;
		};
		3F762C511D5C0E7700D73A72 /* Release */ = {
			isa = XCBuildConfiguration;
			buildSettings = {
				INFOPLIST_FILE = pPollUITests/Info.plist;
				LD_RUNPATH_SEARCH_PATHS = "$(inherited) @executable_path/Frameworks @loader_path/Frameworks";
				PRODUCT_BUNDLE_IDENTIFIER = com.example.pPollUITests;
				PRODUCT_NAME = "$(TARGET_NAME)";
				TEST_TARGET_NAME = pPoll;
			};
			name = Release;
		};
/* End XCBuildConfiguration section */

/* Begin XCConfigurationList section */
		3F762C191D5C0E7600D73A72 /* Build configuration list for PBXProject "pPoll" */ = {
			isa = XCConfigurationList;
			buildConfigurations = (
				3F762C471D5C0E7700D73A72 /* Debug */,
				3F762C481D5C0E7700D73A72 /* Release */,
			);
			defaultConfigurationIsVisible = 0;
			defaultConfigurationName = Release;
		};
		3F762C491D5C0E7700D73A72 /* Build configuration list for PBXNativeTarget "pPoll" */ = {
			isa = XCConfigurationList;
			buildConfigurations = (
				3F762C4A1D5C0E7700D73A72 /* Debug */,
				3F762C4B1D5C0E7700D73A72 /* Release */,
			);
			defaultConfigurationIsVisible = 0;
			defaultConfigurationName = Release;
		};
		3F762C4C1D5C0E7700D73A72 /* Build configuration list for PBXNativeTarget "pPollTests" */ = {
			isa = XCConfigurationList;
			buildConfigurations = (
				3F762C4D1D5C0E7700D73A72 /* Debug */,
				3F762C4E1D5C0E7700D73A72 /* Release */,
			);
			defaultConfigurationIsVisible = 0;
			defaultConfigurationName = Release;
		};
		3F762C4F1D5C0E7700D73A72 /* Build configuration list for PBXNativeTarget "pPollUITests" */ = {
			isa = XCConfigurationList;
			buildConfigurations = (
				3F762C501D5C0E7700D73A72 /* Debug */,
				3F762C511D5C0E7700D73A72 /* Release */,
			);
			defaultConfigurationIsVisible = 0;
			defaultConfigurationName = Release;
		};
/* End XCConfigurationList section */

/* Begin XCVersionGroup section */
		3F762C281D5C0E7700D73A72 /* pPoll.xcdatamodeld */ = {
			isa = XCVersionGroup;
			children = (
				3F762C291D5C0E7700D73A72 /* pPoll.xcdatamodel */,
			);
			currentVersion = 3F762C291D5C0E7700D73A72 /* pPoll.xcdatamodel */;
			path = pPoll.xcdatamodeld;
			sourceTree = "<group>";
			versionGroupType = wrapper.xcdatamodel;
		};
/* End XCVersionGroup section */
	};
	rootObject = 3F762C161D5C0E7600D73A72 /* Project object */;
}
